
Microsoft Visual Studio Solution File, Format Version 12.00
# Visual Studio 15
VisualStudioVersion = 15.0.27130.2010
MinimumVisualStudioVersion = 10.0.40219.1
Project("{FAE04EC0-301F-11D3-BF4B-00C04F79EFBC}") = "Sets_RelationsLessons", "Курсовая\Sets_RelationsLessons.csproj", "{FAE60849-9B5D-4CB6-AFBE-3D0841CF5C71}"
EndProject
Global
	GlobalSection(SolutionConfigurationPlatforms) = preSolution
		Debug|Any CPU = Debug|Any CPU
		Release|Any CPU = Release|Any CPU
	EndGlobalSection
	GlobalSection(ProjectConfigurationPlatforms) = postSolution
		{FAE60849-9B5D-4CB6-AFBE-3D0841CF5C71}.Debug|Any CPU.ActiveCfg = Debug|Any CPU
		{FAE60849-9B5D-4CB6-AFBE-3D0841CF5C71}.Debug|Any CPU.Build.0 = Debug|Any CPU
		{FAE60849-9B5D-4CB6-AFBE-3D0841CF5C71}.Release|Any CPU.ActiveCfg = Release|Any CPU
		{FAE60849-9B5D-4CB6-AFBE-3D0841CF5C71}.Release|Any CPU.Build.0 = Release|Any CPU
	EndGlobalSection
	GlobalSection(SolutionProperties) = preSolution
		HideSolutionNode = FALSE
	EndGlobalSection
	GlobalSection(ExtensibilityGlobals) = postSolution
		SolutionGuid = {D9E29B30-00D3-45CC-8498-C8DDC174ECAC}
	EndGlobalSection
EndGlobal
